{
  "name": "fabled-story-book",
  "lockfileVersion": 2,
  "requires": true,
  "packages": {
    "": {
      "dependencies": {
        "@cloudflare/ai": "^1.0.50"
      }
    },
    "node_modules/@cloudflare/ai": {
      "version": "1.0.50",
      "resolved": "https://registry.npmjs.org/@cloudflare/ai/-/ai-1.0.50.tgz",
      "integrity": "sha512-lgTrP514G9VRXEhWWDQ80gTs5latLBzoc8ouJKOEKRw6SPtEjHHrMkPv+WOAsamBOnXCjdBV63MVE2VCJ6PE7Q=="
    }
  },
  "dependencies": {
    "@cloudflare/ai": {
      "version": "1.0.50",
      "resolved": "https://registry.npmjs.org/@cloudflare/ai/-/ai-1.0.50.tgz",
      "integrity": "sha512-lgTrP514G9VRXEhWWDQ80gTs5latLBzoc8ouJKOEKRw6SPtEjHHrMkPv+WOAsamBOnXCjdBV63MVE2VCJ6PE7Q=="
    }
  }
}
